
Microsoft Visual Studio Solution File, Format Version 12.00
# Visual Studio Version 17
VisualStudioVersion = 17.3.32825.248
MinimumVisualStudioVersion = 10.0.40219.1
Project("{FAE04EC0-301F-11D3-BF4B-00C04F79EFBC}") = "Mi lector de voz", "Mi lector de voz\Mi lector de voz.csproj", "{4E81C495-3C96-4ED5-B0DB-A8E2F93C8EAE}"
EndProject
Global
	GlobalSection(SolutionConfigurationPlatforms) = preSolution
		Debug|Any CPU = Debug|Any CPU
		Release|Any CPU = Release|Any CPU
	EndGlobalSection
	GlobalSection(ProjectConfigurationPlatforms) = postSolution
		{4E81C495-3C96-4ED5-B0DB-A8E2F93C8EAE}.Debug|Any CPU.ActiveCfg = Debug|Any CPU
		{4E81C495-3C96-4ED5-B0DB-A8E2F93C8EAE}.Debug|Any CPU.Build.0 = Debug|Any CPU
		{4E81C495-3C96-4ED5-B0DB-A8E2F93C8EAE}.Release|Any CPU.ActiveCfg = Release|Any CPU
		{4E81C495-3C96-4ED5-B0DB-A8E2F93C8EAE}.Release|Any CPU.Build.0 = Release|Any CPU
	EndGlobalSection
	GlobalSection(SolutionProperties) = preSolution
		HideSolutionNode = FALSE
	EndGlobalSection
	GlobalSection(ExtensibilityGlobals) = postSolution
		SolutionGuid = {1109F812-24B2-47BB-8D33-0CDD77A61460}
	EndGlobalSection
EndGlobal
